
Microsoft Visual Studio Solution File, Format Version 12.00
# Visual Studio Version 16
VisualStudioVersion = 16.0.34601.136
MinimumVisualStudioVersion = 10.0.40219.1
Project("{FAE04EC0-301F-11D3-BF4B-00C04F79EFBC}") = "System-of-Linear-Equations Assignment 1", "System-of-Linear-Equations Assignment 1\System-of-Linear-Equations Assignment 1.csproj", "{2132649F-B8CE-48BF-A898-D67EFA55AEC0}"
EndProject
Global
	GlobalSection(SolutionConfigurationPlatforms) = preSolution
		Debug|Any CPU = Debug|Any CPU
		Release|Any CPU = Release|Any CPU
	EndGlobalSection
	GlobalSection(ProjectConfigurationPlatforms) = postSolution
		{2132649F-B8CE-48BF-A898-D67EFA55AEC0}.Debug|Any CPU.ActiveCfg = Debug|Any CPU
		{2132649F-B8CE-48BF-A898-D67EFA55AEC0}.Debug|Any CPU.Build.0 = Debug|Any CPU
		{2132649F-B8CE-48BF-A898-D67EFA55AEC0}.Release|Any CPU.ActiveCfg = Release|Any CPU
		{2132649F-B8CE-48BF-A898-D67EFA55AEC0}.Release|Any CPU.Build.0 = Release|Any CPU
	EndGlobalSection
	GlobalSection(SolutionProperties) = preSolution
		HideSolutionNode = FALSE
	EndGlobalSection
	GlobalSection(ExtensibilityGlobals) = postSolution
		SolutionGuid = {572635FD-FB74-46D7-A38F-D3C0F853F348}
	EndGlobalSection
EndGlobal
